{
  "name": "testing_json_search_depth",
  "lockfileVersion": 3,
  "requires": true,
  "packages": {
    "": {
      "dependencies": {
        "@types/npmcli__arborist": "^5.6.11",
        "arborist": "^0.1.0",
        "tough-cookie": "^5.0.0"
      }
    },
    "node_modules/@npm/types": {
      "version": "1.0.2",
      "resolved": "https://registry.npmjs.org/@npm/types/-/types-1.0.2.tgz",
      "integrity": "sha512-KXZccTDEnWqNrrx6JjpJKU/wJvNeg9BDgjS0XhmlZab7br921HtyVbsYzJr4L+xIvjdJ20Wh9dgxgCI2a5CEQw==",
      "license": "MIT"
    },
    "node_modules/@types/cacache": {
      "version": "17.0.2",
      "resolved": "https://registry.npmjs.org/@types/cacache/-/cacache-17.0.2.tgz",
      "integrity": "sha512-IrqHzVX2VRMDQQKa7CtKRnuoCLdRJiLW6hWU+w7i7+AaQ0Ii5bKwJxd5uRK4zBCyrHd3tG6G8zOm2LplxbSfQg==",
      "license": "MIT",
      "dependencies": {
        "@types/node": "*"
      }
    },
    "node_modules/@types/node": {
      "version": "22.9.0",
      "resolved": "https://registry.npmjs.org/@types/node/-/node-22.9.0.tgz",
      "integrity": "sha512-vuyHg81vvWA1Z1ELfvLko2c8f34gyA0zaic0+Rllc5lbCnbSyuvb2Oxpm6TAUAC/2xZN3QGqxBNggD1nNR2AfQ==",
      "license": "MIT",
      "dependencies": {
        "undici-types": "~6.19.8"
      }
    },
    "node_modules/@types/node-fetch": {
      "version": "2.6.11",
      "resolved": "https://registry.npmjs.org/@types/node-fetch/-/node-fetch-2.6.11.tgz",
      "integrity": "sha512-24xFj9R5+rfQJLRyM56qh+wnVSYhyXC2tkoBndtY0U+vubqNsYXGjufB2nn8Q6gt0LrARwL6UBtMCSVCwl4B1g==",
      "license": "MIT",
      "dependencies": {
        "@types/node": "*",
        "form-data": "^4.0.0"
      }
    },
    "node_modules/@types/npm-package-arg": {
      "version": "6.1.4",
      "resolved": "https://registry.npmjs.org/@types/npm-package-arg/-/npm-package-arg-6.1.4.tgz",
      "integrity": "sha512-vDgdbMy2QXHnAruzlv68pUtXCjmqUk3WrBAsRboRovsOmxbfn/WiYCjmecyKjGztnMps5dWp4Uq2prp+Ilo17Q==",
      "license": "MIT"
    },
    "node_modules/@types/npm-registry-fetch": {
      "version": "8.0.7",
      "resolved": "https://registry.npmjs.org/@types/npm-registry-fetch/-/npm-registry-fetch-8.0.7.tgz",
      "integrity": "sha512-db9iBh7kDDg4lRT4k4XZ6IiecTEgFCID4qk+VDVPbtzU855q3KZLCn08ATr4H27ntRJVhulQ7GWjl24H42x96w==",
      "license": "MIT",
      "dependencies": {
        "@types/node": "*",
        "@types/node-fetch": "*",
        "@types/npm-package-arg": "*",
        "@types/npmlog": "*",
        "@types/ssri": "*"
      }
    },
    "node_modules/@types/npmcli__arborist": {
      "version": "5.6.11",
      "resolved": "https://registry.npmjs.org/@types/npmcli__arborist/-/npmcli__arborist-5.6.11.tgz",
      "integrity": "sha512-uWDBT1Brg+MKrV4hKE5tNFx1H8tQyC4pDbMN4eySgU89JxRt2pJoiWsVPQj2PVSA3zo4mmST56ry+sl+KCz29w==",
      "license": "MIT",
      "dependencies": {
        "@npm/types": "^1",
        "@types/cacache": "*",
        "@types/node": "*",
        "@types/npmcli__package-json": "*",
        "@types/pacote": "*"
      }
    },
    "node_modules/@types/npmcli__package-json": {
      "version": "4.0.4",
      "resolved": "https://registry.npmjs.org/@types/npmcli__package-json/-/npmcli__package-json-4.0.4.tgz",
      "integrity": "sha512-6QjlFUSHBmZJWuC08bz1ZCx6tm4t+7+OJXAdvM6tL2pI7n6Bh5SIp/YxQvnOLFf8MzCXs2ijyFgrzaiu1UFBGA==",
      "license": "MIT"
    },
    "node_modules/@types/npmlog": {
      "version": "7.0.0",
      "resolved": "https://registry.npmjs.org/@types/npmlog/-/npmlog-7.0.0.tgz",
      "integrity": "sha512-hJWbrKFvxKyWwSUXjZMYTINsSOY6IclhvGOZ97M8ac2tmR9hMwmTnYaMdpGhvju9ctWLTPhCS+eLfQNluiEjQQ==",
      "license": "MIT",
      "dependencies": {
        "@types/node": "*"
      }
    },
    "node_modules/@types/pacote": {
      "version": "11.1.8",
      "resolved": "https://registry.npmjs.org/@types/pacote/-/pacote-11.1.8.tgz",
      "integrity": "sha512-/XLR0VoTh2JEO0jJg1q/e6Rh9bxjBq9vorJuQmtT7rRrXSiWz7e7NsvXVYJQ0i8JxMlBMPPYDTnrRe7MZRFA8Q==",
      "license": "MIT",
      "dependencies": {
        "@types/node": "*",
        "@types/npm-registry-fetch": "*",
        "@types/npmlog": "*",
        "@types/ssri": "*"
      }
    },
    "node_modules/@types/ssri": {
      "version": "7.1.5",
      "resolved": "https://registry.npmjs.org/@types/ssri/-/ssri-7.1.5.tgz",
      "integrity": "sha512-odD/56S3B51liILSk5aXJlnYt99S6Rt9EFDDqGtJM26rKHApHcwyU/UoYHrzKkdkHMAIquGWCuHtQTbes+FRQw==",
      "license": "MIT",
      "dependencies": {
        "@types/node": "*"
      }
    },
    "node_modules/arborist": {
      "version": "0.1.0",
      "resolved": "https://registry.npmjs.org/arborist/-/arborist-0.1.0.tgz",
      "integrity": "sha512-X6pDUBpVYOMpCHmscbl/gmAsidTkfivvP6mwV8rK8zM/gl9oSOScmp9m3JUUk8yH7uXovgE2e/FpxzbrAv61Cw==",
      "license": "MIT"
    },
    "node_modules/asynckit": {
      "version": "0.4.0",
      "resolved": "https://registry.npmjs.org/asynckit/-/asynckit-0.4.0.tgz",
      "integrity": "sha512-Oei9OH4tRh0YqU3GxhX79dM/mwVgvbZJaSNaRk+bshkj0S5cfHcgYakreBjrHwatXKbz+IoIdYLxrKim2MjW0Q==",
      "license": "MIT"
    },
    "node_modules/combined-stream": {
      "version": "1.0.8",
      "resolved": "https://registry.npmjs.org/combined-stream/-/combined-stream-1.0.8.tgz",
      "integrity": "sha512-FQN4MRfuJeHf7cBbBMJFXhKSDq+2kAArBlmRBvcvFE5BB1HZKXtSFASDhdlz9zOYwxh8lDdnvmMOe/+5cdoEdg==",
      "license": "MIT",
      "dependencies": {
        "delayed-stream": "~1.0.0"
      },
      "engines": {
        "node": ">= 0.8"
      }
    },
    "node_modules/delayed-stream": {
      "version": "1.0.0",
      "resolved": "https://registry.npmjs.org/delayed-stream/-/delayed-stream-1.0.0.tgz",
      "integrity": "sha512-ZySD7Nf91aLB0RxL4KGrKHBXl7Eds1DAmEdcoVawXnLD7SDhpNgtuII2aAkg7a7QS41jxPSZ17p4VdGnMHk3MQ==",
      "license": "MIT",
      "engines": {
        "node": ">=0.4.0"
      }
    },
    "node_modules/form-data": {
      "version": "4.0.1",
      "resolved": "https://registry.npmjs.org/form-data/-/form-data-4.0.1.tgz",
      "integrity": "sha512-tzN8e4TX8+kkxGPK8D5u0FNmjPUjw3lwC9lSLxxoB/+GtsJG91CO8bSWy73APlgAZzZbXEYZJuxjkHH2w+Ezhw==",
      "license": "MIT",
      "dependencies": {
        "asynckit": "^0.4.0",
        "combined-stream": "^1.0.8",
        "mime-types": "^2.1.12"
      },
      "engines": {
        "node": ">= 6"
      }
    },
    "node_modules/mime-db": {
      "version": "1.52.0",
      "resolved": "https://registry.npmjs.org/mime-db/-/mime-db-1.52.0.tgz",
      "integrity": "sha512-sPU4uV7dYlvtWJxwwxHD0PuihVNiE7TyAbQ5SWxDCB9mUYvOgroQOwYQQOKPJ8CIbE+1ETVlOoK1UC2nU3gYvg==",
      "license": "MIT",
      "engines": {
        "node": ">= 0.6"
      }
    },
    "node_modules/mime-types": {
      "version": "2.1.35",
      "resolved": "https://registry.npmjs.org/mime-types/-/mime-types-2.1.35.tgz",
      "integrity": "sha512-ZDY+bPm5zTTF+YpCrAU9nK0UgICYPT0QtT1NZWFv4s++TNkcgVaT0g6+4R2uI4MjQjzysHB1zxuWL50hzaeXiw==",
      "license": "MIT",
      "dependencies": {
        "mime-db": "1.52.0"
      },
      "engines": {
        "node": ">= 0.6"
      }
    },
    "node_modules/tldts": {
      "version": "6.1.58",
      "resolved": "https://registry.npmjs.org/tldts/-/tldts-6.1.58.tgz",
      "integrity": "sha512-MQJrJhjHOYGYb8DobR6Y4AdDbd4TYkyQ+KBDVc5ODzs1cbrvPpfN1IemYi9jfipJ/vR1YWvrDli0hg1y19VRoA==",
      "license": "MIT",
      "dependencies": {
        "tldts-core": "^6.1.58"
      },
      "bin": {
        "tldts": "bin/cli.js"
      }
    },
    "node_modules/tldts-core": {
      "version": "6.1.58",
      "resolved": "https://registry.npmjs.org/tldts-core/-/tldts-core-6.1.58.tgz",
      "integrity": "sha512-dR936xmhBm7AeqHIhCWwK765gZ7dFyL+IqLSFAjJbFlUXGMLCb8i2PzlzaOuWBuplBTaBYseSb565nk/ZEM0Bg==",
      "license": "MIT"
    },
    "node_modules/tough-cookie": {
      "version": "5.0.0",
      "resolved": "https://registry.npmjs.org/tough-cookie/-/tough-cookie-5.0.0.tgz",
      "integrity": "sha512-FRKsF7cz96xIIeMZ82ehjC3xW2E+O2+v11udrDYewUbszngYhsGa8z6YUMMzO9QJZzzyd0nGGXnML/TReX6W8Q==",
      "license": "BSD-3-Clause",
      "dependencies": {
        "tldts": "^6.1.32"
      },
      "engines": {
        "node": ">=16"
      }
    },
    "node_modules/undici-types": {
      "version": "6.19.8",
      "resolved": "https://registry.npmjs.org/undici-types/-/undici-types-6.19.8.tgz",
      "integrity": "sha512-ve2KP6f/JnbPBFyobGHuerC9g1FYGn/F8n1LWTwNxCEzd6IfqTwUQcNXgEtmmQ6DlRrC1hrSrBnCZPokRrDHjw==",
      "license": "MIT"
    }
  }
}
